
Microsoft Visual Studio Solution File, Format Version 12.00
Project("{FAE04EC0-301F-11D3-BF4B-00C04F79EFBC}") = "P02_FootballBetting", "P02_FootballBetting\P02_FootballBetting.csproj", "{8EFB011B-0599-48F5-9AC2-1611B8DB3C98}"
EndProject
Project("{FAE04EC0-301F-11D3-BF4B-00C04F79EFBC}") = "P02_FootballBetting.Data", "P02_FootballBetting.Data\P02_FootballBetting.Data.csproj", "{5406E581-A289-4E1B-A219-4FE782C131B4}"
EndProject
Project("{FAE04EC0-301F-11D3-BF4B-00C04F79EFBC}") = "P02_FootballBetting.Data.Models", "P02_FootballBetting.Data.Models\P02_FootballBetting.Data.Models.csproj", "{5BB410EE-20F3-4194-9173-83415D9E968B}"
EndProject
Project("{FAE04EC0-301F-11D3-BF4B-00C04F79EFBC}") = "P02_FootballBetting.Commons", "P02_FootballBetting.Commons\P02_FootballBetting.Commons.csproj", "{5BE9D2E9-BECA-4D31-B863-B6C4713855FE}"
EndProject
Global
	GlobalSection(SolutionConfigurationPlatforms) = preSolution
		Debug|Any CPU = Debug|Any CPU
		Release|Any CPU = Release|Any CPU
	EndGlobalSection
	GlobalSection(ProjectConfigurationPlatforms) = postSolution
		{8EFB011B-0599-48F5-9AC2-1611B8DB3C98}.Debug|Any CPU.ActiveCfg = Debug|Any CPU
		{8EFB011B-0599-48F5-9AC2-1611B8DB3C98}.Debug|Any CPU.Build.0 = Debug|Any CPU
		{8EFB011B-0599-48F5-9AC2-1611B8DB3C98}.Release|Any CPU.ActiveCfg = Release|Any CPU
		{8EFB011B-0599-48F5-9AC2-1611B8DB3C98}.Release|Any CPU.Build.0 = Release|Any CPU
		{5406E581-A289-4E1B-A219-4FE782C131B4}.Debug|Any CPU.ActiveCfg = Debug|Any CPU
		{5406E581-A289-4E1B-A219-4FE782C131B4}.Debug|Any CPU.Build.0 = Debug|Any CPU
		{5406E581-A289-4E1B-A219-4FE782C131B4}.Release|Any CPU.ActiveCfg = Release|Any CPU
		{5406E581-A289-4E1B-A219-4FE782C131B4}.Release|Any CPU.Build.0 = Release|Any CPU
		{5BB410EE-20F3-4194-9173-83415D9E968B}.Debug|Any CPU.ActiveCfg = Debug|Any CPU
		{5BB410EE-20F3-4194-9173-83415D9E968B}.Debug|Any CPU.Build.0 = Debug|Any CPU
		{5BB410EE-20F3-4194-9173-83415D9E968B}.Release|Any CPU.ActiveCfg = Release|Any CPU
		{5BB410EE-20F3-4194-9173-83415D9E968B}.Release|Any CPU.Build.0 = Release|Any CPU
		{5BE9D2E9-BECA-4D31-B863-B6C4713855FE}.Debug|Any CPU.ActiveCfg = Debug|Any CPU
		{5BE9D2E9-BECA-4D31-B863-B6C4713855FE}.Debug|Any CPU.Build.0 = Debug|Any CPU
		{5BE9D2E9-BECA-4D31-B863-B6C4713855FE}.Release|Any CPU.ActiveCfg = Release|Any CPU
		{5BE9D2E9-BECA-4D31-B863-B6C4713855FE}.Release|Any CPU.Build.0 = Release|Any CPU
	EndGlobalSection
EndGlobal
