
Microsoft Visual Studio Solution File, Format Version 12.00
Project("{FAE04EC0-301F-11D3-BF4B-00C04F79EFBC}") = "P03_SalesDatabase", "P03_SalesDatabase\P03_SalesDatabase.csproj", "{BBFB4CA8-2D2F-4916-BCCC-A71C2C2FCBF2}"
EndProject
Project("{FAE04EC0-301F-11D3-BF4B-00C04F79EFBC}") = "P03_SalesDatabase.Data", "P03_SalesDatabase.Data\P03_SalesDatabase.Data.csproj", "{CD822DA4-F761-4059-ACF0-36EAB71D075A}"
EndProject
Project("{FAE04EC0-301F-11D3-BF4B-00C04F79EFBC}") = "P03_SalesDatabase.Data.Models", "P03_SalesDatabase.Data.Models\P03_SalesDatabase.Data.Models.csproj", "{B5624319-FD02-4D19-921B-036AF4263DA5}"
EndProject
Project("{FAE04EC0-301F-11D3-BF4B-00C04F79EFBC}") = "P03_SalesDatabase.Commons", "P03_SalesDatabase.Commons\P03_SalesDatabase.Commons.csproj", "{B2FB1117-6593-4DF2-AA59-2D66C0A0B485}"
EndProject
Global
	GlobalSection(SolutionConfigurationPlatforms) = preSolution
		Debug|Any CPU = Debug|Any CPU
		Release|Any CPU = Release|Any CPU
	EndGlobalSection
	GlobalSection(ProjectConfigurationPlatforms) = postSolution
		{BBFB4CA8-2D2F-4916-BCCC-A71C2C2FCBF2}.Debug|Any CPU.ActiveCfg = Debug|Any CPU
		{BBFB4CA8-2D2F-4916-BCCC-A71C2C2FCBF2}.Debug|Any CPU.Build.0 = Debug|Any CPU
		{BBFB4CA8-2D2F-4916-BCCC-A71C2C2FCBF2}.Release|Any CPU.ActiveCfg = Release|Any CPU
		{BBFB4CA8-2D2F-4916-BCCC-A71C2C2FCBF2}.Release|Any CPU.Build.0 = Release|Any CPU
		{CD822DA4-F761-4059-ACF0-36EAB71D075A}.Debug|Any CPU.ActiveCfg = Debug|Any CPU
		{CD822DA4-F761-4059-ACF0-36EAB71D075A}.Debug|Any CPU.Build.0 = Debug|Any CPU
		{CD822DA4-F761-4059-ACF0-36EAB71D075A}.Release|Any CPU.ActiveCfg = Release|Any CPU
		{CD822DA4-F761-4059-ACF0-36EAB71D075A}.Release|Any CPU.Build.0 = Release|Any CPU
		{B5624319-FD02-4D19-921B-036AF4263DA5}.Debug|Any CPU.ActiveCfg = Debug|Any CPU
		{B5624319-FD02-4D19-921B-036AF4263DA5}.Debug|Any CPU.Build.0 = Debug|Any CPU
		{B5624319-FD02-4D19-921B-036AF4263DA5}.Release|Any CPU.ActiveCfg = Release|Any CPU
		{B5624319-FD02-4D19-921B-036AF4263DA5}.Release|Any CPU.Build.0 = Release|Any CPU
		{B2FB1117-6593-4DF2-AA59-2D66C0A0B485}.Debug|Any CPU.ActiveCfg = Debug|Any CPU
		{B2FB1117-6593-4DF2-AA59-2D66C0A0B485}.Debug|Any CPU.Build.0 = Debug|Any CPU
		{B2FB1117-6593-4DF2-AA59-2D66C0A0B485}.Release|Any CPU.ActiveCfg = Release|Any CPU
		{B2FB1117-6593-4DF2-AA59-2D66C0A0B485}.Release|Any CPU.Build.0 = Release|Any CPU
	EndGlobalSection
EndGlobal
